// !$*UTF8*$!
{
	archiveVersion = 1;
	classes = {
	};
	objectVersion = 46;
	objects = {

/* Begin PBXBuildFile section */
		4A054642174F117E00CD3B28 /* uploadController.m in Sources */ = {isa = PBXBuildFile; fileRef = 4A054641174F117E00CD3B28 /* uploadController.m */; };
		4A0AF0A7173718B900CA4AC9 /* end copy.png in Resources */ = {isa = PBXBuildFile; fileRef = 4A0AF0A6173718B900CA4AC9 /* end copy.png */; };
		4A187EF5172B0FD700D10D07 /* UIKit.framework in Frameworks */ = {isa = PBXBuildFile; fileRef = 4A187EF4172B0FD700D10D07 /* UIKit.framework */; };
		4A187EF7172B0FD700D10D07 /* Foundation.framework in Frameworks */ = {isa = PBXBuildFile; fileRef = 4A187EF6172B0FD700D10D07 /* Foundation.framework */; };
		4A187EF9172B0FD700D10D07 /* CoreGraphics.framework in Frameworks */ = {isa = PBXBuildFile; fileRef = 4A187EF8172B0FD700D10D07 /* CoreGraphics.framework */; };
		4A187EFF172B0FD700D10D07 /* InfoPlist.strings in Resources */ = {isa = PBXBuildFile; fileRef = 4A187EFD172B0FD700D10D07 /* InfoPlist.strings */; };
		4A187F01172B0FD700D10D07 /* main.m in Sources */ = {isa = PBXBuildFile; fileRef = 4A187F00172B0FD700D10D07 /* main.m */; };
		4A187F05172B0FD700D10D07 /* AppDelegate.m in Sources */ = {isa = PBXBuildFile; fileRef = 4A187F04172B0FD700D10D07 /* AppDelegate.m */; };
		4A187F07172B0FD700D10D07 /* Default.png in Resources */ = {isa = PBXBuildFile; fileRef = 4A187F06172B0FD700D10D07 /* Default.png */; };
		4A187F09172B0FD700D10D07 /* Default@2x.png in Resources */ = {isa = PBXBuildFile; fileRef = 4A187F08172B0FD700D10D07 /* Default@2x.png */; };
		4A187F0B172B0FD700D10D07 /* Default-568h@2x.png in Resources */ = {isa = PBXBuildFile; fileRef = 4A187F0A172B0FD700D10D07 /* Default-568h@2x.png */; };
		4A187F0E172B0FD700D10D07 /* MainStoryboard.storyboard in Resources */ = {isa = PBXBuildFile; fileRef = 4A187F0C172B0FD700D10D07 /* MainStoryboard.storyboard */; };
		4A187F11172B0FD700D10D07 /* ViewController.m in Sources */ = {isa = PBXBuildFile; fileRef = 4A187F10172B0FD700D10D07 /* ViewController.m */; };
		4A259B1B173C3FE200011EF0 /* startobs.png in Resources */ = {isa = PBXBuildFile; fileRef = 4A259B1A173C3FE200011EF0 /* startobs.png */; };
		4A259B1F173C6EEE00011EF0 /* TaskView.xib in Resources */ = {isa = PBXBuildFile; fileRef = 4A259B1E173C6EEE00011EF0 /* TaskView.xib */; };
		4A3991D517557B8F005BFF96 /* tnmlogo.png in Resources */ = {isa = PBXBuildFile; fileRef = 4A3991D417557B8F005BFF96 /* tnmlogo.png */; };
		4A3991D717557BAE005BFF96 /* tnmlogo_retina.png in Resources */ = {isa = PBXBuildFile; fileRef = 4A3991D617557BAE005BFF96 /* tnmlogo_retina.png */; };
		4A3E5B7917490F660083672F /* rectbutton.png in Resources */ = {isa = PBXBuildFile; fileRef = 4A3E5B7817490F660083672F /* rectbutton.png */; };
		4A3E5B7B1749114D0083672F /* smallbutton.png in Resources */ = {isa = PBXBuildFile; fileRef = 4A3E5B7A1749114D0083672F /* smallbutton.png */; };
		4A3E5B7D174915060083672F /* end.png in Resources */ = {isa = PBXBuildFile; fileRef = 4A3E5B7C174915060083672F /* end.png */; };
		4A90989C174876950051C070 /* tableController.m in Sources */ = {isa = PBXBuildFile; fileRef = 4A90989B174876950051C070 /* tableController.m */; };
		4AD0EC79172B9B1000C89D22 /* DetailTaskController.m in Sources */ = {isa = PBXBuildFile; fileRef = 4AD0EC78172B9B1000C89D22 /* DetailTaskController.m */; };
		4AD0EC7C172B9DB200C89D22 /* LoginController.m in Sources */ = {isa = PBXBuildFile; fileRef = 4AD0EC7B172B9DB200C89D22 /* LoginController.m */; };
		4AD0EC7F172BA11C00C89D22 /* SiteController.m in Sources */ = {isa = PBXBuildFile; fileRef = 4AD0EC7E172BA11C00C89D22 /* SiteController.m */; };
		C2790F6B175447FA00628669 /* CFNetwork.framework in Frameworks */ = {isa = PBXBuildFile; fileRef = C2790F6A175447FA00628669 /* CFNetwork.framework */; };
		C2790F701754484C00628669 /* NetworkManager.m in Sources */ = {isa = PBXBuildFile; fileRef = C2790F6D1754484C00628669 /* NetworkManager.m */; };
		C2FBFB45174A81A6004CF08C /* button_check.png in Resources */ = {isa = PBXBuildFile; fileRef = C2FBFB44174A81A6004CF08C /* button_check.png */; };
		C2FBFB4D174A86B1004CF08C /* button_minus.png in Resources */ = {isa = PBXBuildFile; fileRef = C2FBFB4C174A86B1004CF08C /* button_minus.png */; };
		C2FBFB50174A8704004CF08C /* button_check_s.png in Resources */ = {isa = PBXBuildFile; fileRef = C2FBFB4E174A8703004CF08C /* button_check_s.png */; };
		C2FBFB51174A8704004CF08C /* button_minus_s.png in Resources */ = {isa = PBXBuildFile; fileRef = C2FBFB4F174A8704004CF08C /* button_minus_s.png */; };
/* End PBXBuildFile section */

/* Begin PBXFileReference section */
		4A054640174F117E00CD3B28 /* uploadController.h */ = {isa = PBXFileReference; fileEncoding = 4; lastKnownFileType = sourcecode.c.h; name = uploadController.h; path = ../uploadController.h; sourceTree = "<group>"; };
		4A054641174F117E00CD3B28 /* uploadController.m */ = {isa = PBXFileReference; fileEncoding = 4; lastKnownFileType = sourcecode.c.objc; name = uploadController.m; path = ../uploadController.m; sourceTree = "<group>"; };
		4A0AF0A6173718B900CA4AC9 /* end copy.png */ = {isa = PBXFileReference; lastKnownFileType = image.png; path = "end copy.png"; sourceTree = "<group>"; };
		4A187EF1172B0FD700D10D07 /* T&M Collector.app */ = {isa = PBXFileReference; explicitFileType = wrapper.application; includeInIndex = 0; path = "T&M Collector.app"; sourceTree = BUILT_PRODUCTS_DIR; };
		4A187EF4172B0FD700D10D07 /* UIKit.framework */ = {isa = PBXFileReference; lastKnownFileType = wrapper.framework; name = UIKit.framework; path = System/Library/Frameworks/UIKit.framework; sourceTree = SDKROOT; };
		4A187EF6172B0FD700D10D07 /* Foundation.framework */ = {isa = PBXFileReference; lastKnownFileType = wrapper.framework; name = Foundation.framework; path = System/Library/Frameworks/Foundation.framework; sourceTree = SDKROOT; };
		4A187EF8172B0FD700D10D07 /* CoreGraphics.framework */ = {isa = PBXFileReference; lastKnownFileType = wrapper.framework; name = CoreGraphics.framework; path = System/Library/Frameworks/CoreGraphics.framework; sourceTree = SDKROOT; };
		4A187EFC172B0FD700D10D07 /* T&M Collector-Info.plist */ = {isa = PBXFileReference; lastKnownFileType = text.plist.xml; path = "T&M Collector-Info.plist"; sourceTree = "<group>"; };
		4A187EFE172B0FD700D10D07 /* en */ = {isa = PBXFileReference; lastKnownFileType = text.plist.strings; name = en; path = en.lproj/InfoPlist.strings; sourceTree = "<group>"; };
		4A187F00172B0FD700D10D07 /* main.m */ = {isa = PBXFileReference; lastKnownFileType = sourcecode.c.objc; path = main.m; sourceTree = "<group>"; };
		4A187F02172B0FD700D10D07 /* T&M Collector-Prefix.pch */ = {isa = PBXFileReference; lastKnownFileType = sourcecode.c.h; path = "T&M Collector-Prefix.pch"; sourceTree = "<group>"; };
		4A187F03172B0FD700D10D07 /* AppDelegate.h */ = {isa = PBXFileReference; lastKnownFileType = sourcecode.c.h; path = AppDelegate.h; sourceTree = "<group>"; };
		4A187F04172B0FD700D10D07 /* AppDelegate.m */ = {isa = PBXFileReference; lastKnownFileType = sourcecode.c.objc; path = AppDelegate.m; sourceTree = "<group>"; };
		4A187F06172B0FD700D10D07 /* Default.png */ = {isa = PBXFileReference; lastKnownFileType = image.png; path = Default.png; sourceTree = "<group>"; };
		4A187F08172B0FD700D10D07 /* Default@2x.png */ = {isa = PBXFileReference; lastKnownFileType = image.png; path = "Default@2x.png"; sourceTree = "<group>"; };
		4A187F0A172B0FD700D10D07 /* Default-568h@2x.png */ = {isa = PBXFileReference; lastKnownFileType = image.png; path = "Default-568h@2x.png"; sourceTree = "<group>"; };
		4A187F0D172B0FD700D10D07 /* en */ = {isa = PBXFileReference; lastKnownFileType = file.storyboard; name = en; path = en.lproj/MainStoryboard.storyboard; sourceTree = "<group>"; };
		4A187F0F172B0FD700D10D07 /* ViewController.h */ = {isa = PBXFileReference; lastKnownFileType = sourcecode.c.h; path = ViewController.h; sourceTree = "<group>"; };
		4A187F10172B0FD700D10D07 /* ViewController.m */ = {isa = PBXFileReference; lastKnownFileType = sourcecode.c.objc; path = ViewController.m; sourceTree = "<group>"; };
		4A259B1A173C3FE200011EF0 /* startobs.png */ = {isa = PBXFileReference; lastKnownFileType = image.png; path = startobs.png; sourceTree = "<group>"; };
		4A259B1E173C6EEE00011EF0 /* TaskView.xib */ = {isa = PBXFileReference; fileEncoding = 4; lastKnownFileType = file.xib; name = TaskView.xib; path = ../TaskView.xib; sourceTree = "<group>"; };
		4A3991D417557B8F005BFF96 /* tnmlogo.png */ = {isa = PBXFileReference; lastKnownFileType = image.png; path = tnmlogo.png; sourceTree = "<group>"; };
		4A3991D617557BAE005BFF96 /* tnmlogo_retina.png */ = {isa = PBXFileReference; lastKnownFileType = image.png; path = tnmlogo_retina.png; sourceTree = "<group>"; };
		4A3E5B7817490F660083672F /* rectbutton.png */ = {isa = PBXFileReference; lastKnownFileType = image.png; path = rectbutton.png; sourceTree = "<group>"; };
		4A3E5B7A1749114D0083672F /* smallbutton.png */ = {isa = PBXFileReference; lastKnownFileType = image.png; path = smallbutton.png; sourceTree = "<group>"; };
		4A3E5B7C174915060083672F /* end.png */ = {isa = PBXFileReference; lastKnownFileType = image.png; path = end.png; sourceTree = "<group>"; };
		4A90989A174876950051C070 /* tableController.h */ = {isa = PBXFileReference; fileEncoding = 4; lastKnownFileType = sourcecode.c.h; name = tableController.h; path = ../tableController.h; sourceTree = "<group>"; };
		4A90989B174876950051C070 /* tableController.m */ = {isa = PBXFileReference; fileEncoding = 4; lastKnownFileType = sourcecode.c.objc; name = tableController.m; path = ../tableController.m; sourceTree = "<group>"; };
		4AD0EC77172B9B1000C89D22 /* DetailTaskController.h */ = {isa = PBXFileReference; fileEncoding = 4; lastKnownFileType = sourcecode.c.h; path = DetailTaskController.h; sourceTree = "<group>"; };
		4AD0EC78172B9B1000C89D22 /* DetailTaskController.m */ = {isa = PBXFileReference; fileEncoding = 4; lastKnownFileType = sourcecode.c.objc; path = DetailTaskController.m; sourceTree = "<group>"; };
		4AD0EC7A172B9DB200C89D22 /* LoginController.h */ = {isa = PBXFileReference; fileEncoding = 4; lastKnownFileType = sourcecode.c.h; path = LoginController.h; sourceTree = "<group>"; };
		4AD0EC7B172B9DB200C89D22 /* LoginController.m */ = {isa = PBXFileReference; fileEncoding = 4; lastKnownFileType = sourcecode.c.objc; path = LoginController.m; sourceTree = "<group>"; };
		4AD0EC7D172BA11C00C89D22 /* SiteController.h */ = {isa = PBXFileReference; fileEncoding = 4; lastKnownFileType = sourcecode.c.h; path = SiteController.h; sourceTree = "<group>"; };
		4AD0EC7E172BA11C00C89D22 /* SiteController.m */ = {isa = PBXFileReference; fileEncoding = 4; lastKnownFileType = sourcecode.c.objc; path = SiteController.m; sourceTree = "<group>"; };
		C2790F6A175447FA00628669 /* CFNetwork.framework */ = {isa = PBXFileReference; lastKnownFileType = wrapper.framework; name = CFNetwork.framework; path = System/Library/Frameworks/CFNetwork.framework; sourceTree = SDKROOT; };
		C2790F6C1754484C00628669 /* NetworkManager.h */ = {isa = PBXFileReference; fileEncoding = 4; lastKnownFileType = sourcecode.c.h; path = NetworkManager.h; sourceTree = "<group>"; };
		C2790F6D1754484C00628669 /* NetworkManager.m */ = {isa = PBXFileReference; fileEncoding = 4; lastKnownFileType = sourcecode.c.objc; path = NetworkManager.m; sourceTree = "<group>"; };
		C2FBFB44174A81A6004CF08C /* button_check.png */ = {isa = PBXFileReference; lastKnownFileType = image.png; path = button_check.png; sourceTree = "<group>"; };
		C2FBFB4C174A86B1004CF08C /* button_minus.png */ = {isa = PBXFileReference; lastKnownFileType = image.png; path = button_minus.png; sourceTree = "<group>"; };
		C2FBFB4E174A8703004CF08C /* button_check_s.png */ = {isa = PBXFileReference; lastKnownFileType = image.png; path = button_check_s.png; sourceTree = "<group>"; };
		C2FBFB4F174A8704004CF08C /* button_minus_s.png */ = {isa = PBXFileReference; lastKnownFileType = image.png; path = button_minus_s.png; sourceTree = "<group>"; };
/* End PBXFileReference section */

/* Begin PBXFrameworksBuildPhase section */
		4A187EEE172B0FD700D10D07 /* Frameworks */ = {
			isa = PBXFrameworksBuildPhase;
			buildActionMask = 2147483647;
			files = (
				C2790F6B175447FA00628669 /* CFNetwork.framework in Frameworks */,
				4A187EF5172B0FD700D10D07 /* UIKit.framework in Frameworks */,
				4A187EF7172B0FD700D10D07 /* Foundation.framework in Frameworks */,
				4A187EF9172B0FD700D10D07 /* CoreGraphics.framework in Frameworks */,
			);
			runOnlyForDeploymentPostprocessing = 0;
		};
/* End PBXFrameworksBuildPhase section */

/* Begin PBXGroup section */
		4A187EE8172B0FD700D10D07 = {
			isa = PBXGroup;
			children = (
				4A3991D617557BAE005BFF96 /* tnmlogo_retina.png */,
				4A3991D417557B8F005BFF96 /* tnmlogo.png */,
				C2790F6A175447FA00628669 /* CFNetwork.framework */,
				4A187EF3172B0FD700D10D07 /* Frameworks */,
				4A187EF2172B0FD700D10D07 /* Products */,
				4A187EFA172B0FD700D10D07 /* test7 */,
			);
			sourceTree = "<group>";
		};
		4A187EF2172B0FD700D10D07 /* Products */ = {
			isa = PBXGroup;
			children = (
				4A187EF1172B0FD700D10D07 /* T&M Collector.app */,
			);
			name = Products;
			sourceTree = "<group>";
		};
		4A187EF3172B0FD700D10D07 /* Frameworks */ = {
			isa = PBXGroup;
			children = (
				4A187EF4172B0FD700D10D07 /* UIKit.framework */,
				4A187EF6172B0FD700D10D07 /* Foundation.framework */,
				4A187EF8172B0FD700D10D07 /* CoreGraphics.framework */,
			);
			name = Frameworks;
			sourceTree = "<group>";
		};
		4A187EFA172B0FD700D10D07 /* test7 */ = {
			isa = PBXGroup;
			children = (
				4A90989A174876950051C070 /* tableController.h */,
				4A90989B174876950051C070 /* tableController.m */,
				4A054640174F117E00CD3B28 /* uploadController.h */,
				4A054641174F117E00CD3B28 /* uploadController.m */,
				C2790F6C1754484C00628669 /* NetworkManager.h */,
				C2790F6D1754484C00628669 /* NetworkManager.m */,
				4A259B1E173C6EEE00011EF0 /* TaskView.xib */,
				4A187F03172B0FD700D10D07 /* AppDelegate.h */,
				4A187F04172B0FD700D10D07 /* AppDelegate.m */,
				4A187F0C172B0FD700D10D07 /* MainStoryboard.storyboard */,
				4AD0EC7D172BA11C00C89D22 /* SiteController.h */,
				4AD0EC7E172BA11C00C89D22 /* SiteController.m */,
				4AD0EC7A172B9DB200C89D22 /* LoginController.h */,
				4AD0EC7B172B9DB200C89D22 /* LoginController.m */,
				4AD0EC77172B9B1000C89D22 /* DetailTaskController.h */,
				4AD0EC78172B9B1000C89D22 /* DetailTaskController.m */,
				4A187F0F172B0FD700D10D07 /* ViewController.h */,
				4A187F10172B0FD700D10D07 /* ViewController.m */,
				4A187EFB172B0FD700D10D07 /* Supporting Files */,
			);
			path = test7;
			sourceTree = "<group>";
		};
		4A187EFB172B0FD700D10D07 /* Supporting Files */ = {
			isa = PBXGroup;
			children = (
				C2FBFB4E174A8703004CF08C /* button_check_s.png */,
				C2FBFB4F174A8704004CF08C /* button_minus_s.png */,
				C2FBFB4C174A86B1004CF08C /* button_minus.png */,
				C2FBFB44174A81A6004CF08C /* button_check.png */,
				4A3E5B7C174915060083672F /* end.png */,
				4A3E5B7A1749114D0083672F /* smallbutton.png */,
				4A3E5B7817490F660083672F /* rectbutton.png */,
				4A259B1A173C3FE200011EF0 /* startobs.png */,
				4A0AF0A6173718B900CA4AC9 /* end copy.png */,
				4A187EFC172B0FD700D10D07 /* T&M Collector-Info.plist */,
				4A187EFD172B0FD700D10D07 /* InfoPlist.strings */,
				4A187F00172B0FD700D10D07 /* main.m */,
				4A187F02172B0FD700D10D07 /* T&M Collector-Prefix.pch */,
				4A187F06172B0FD700D10D07 /* Default.png */,
				4A187F08172B0FD700D10D07 /* Default@2x.png */,
				4A187F0A172B0FD700D10D07 /* Default-568h@2x.png */,
			);
			name = "Supporting Files";
			sourceTree = "<group>";
		};
/* End PBXGroup section */

/* Begin PBXNativeTarget section */
		4A187EF0172B0FD700D10D07 /* T&M Collector */ = {
			isa = PBXNativeTarget;
			buildConfigurationList = 4A187F14172B0FD700D10D07 /* Build configuration list for PBXNativeTarget "T&M Collector" */;
			buildPhases = (
				4A187EED172B0FD700D10D07 /* Sources */,
				4A187EEE172B0FD700D10D07 /* Frameworks */,
				4A187EEF172B0FD700D10D07 /* Resources */,
			);
			buildRules = (
			);
			dependencies = (
			);
			name = "T&M Collector";
			productName = test7;
			productReference = 4A187EF1172B0FD700D10D07 /* T&M Collector.app */;
			productType = "com.apple.product-type.application";
		};
/* End PBXNativeTarget section */

/* Begin PBXProject section */
		4A187EE9172B0FD700D10D07 /* Project object */ = {
			isa = PBXProject;
			attributes = {
				LastUpgradeCheck = 0460;
				ORGANIZATIONNAME = "Joosung Kim";
			};
			buildConfigurationList = 4A187EEC172B0FD700D10D07 /* Build configuration list for PBXProject "T&M Collector" */;
			compatibilityVersion = "Xcode 3.2";
			developmentRegion = English;
			hasScannedForEncodings = 0;
			knownRegions = (
				en,
			);
			mainGroup = 4A187EE8172B0FD700D10D07;
			productRefGroup = 4A187EF2172B0FD700D10D07 /* Products */;
			projectDirPath = "";
			projectRoot = "";
			targets = (
				4A187EF0172B0FD700D10D07 /* T&M Collector */,
			);
		};
/* End PBXProject section */

/* Begin PBXResourcesBuildPhase section */
		4A187EEF172B0FD700D10D07 /* Resources */ = {
			isa = PBXResourcesBuildPhase;
			buildActionMask = 2147483647;
			files = (
				4A187EFF172B0FD700D10D07 /* InfoPlist.strings in Resources */,
				4A187F07172B0FD700D10D07 /* Default.png in Resources */,
				4A187F09172B0FD700D10D07 /* Default@2x.png in Resources */,
				4A187F0B172B0FD700D10D07 /* Default-568h@2x.png in Resources */,
				4A187F0E172B0FD700D10D07 /* MainStoryboard.storyboard in Resources */,
				4A0AF0A7173718B900CA4AC9 /* end copy.png in Resources */,
				4A259B1B173C3FE200011EF0 /* startobs.png in Resources */,
				4A259B1F173C6EEE00011EF0 /* TaskView.xib in Resources */,
				4A3E5B7917490F660083672F /* rectbutton.png in Resources */,
				4A3E5B7B1749114D0083672F /* smallbutton.png in Resources */,
				4A3E5B7D174915060083672F /* end.png in Resources */,
				C2FBFB45174A81A6004CF08C /* button_check.png in Resources */,
				C2FBFB4D174A86B1004CF08C /* button_minus.png in Resources */,
				C2FBFB50174A8704004CF08C /* button_check_s.png in Resources */,
				C2FBFB51174A8704004CF08C /* button_minus_s.png in Resources */,
				4A3991D517557B8F005BFF96 /* tnmlogo.png in Resources */,
				4A3991D717557BAE005BFF96 /* tnmlogo_retina.png in Resources */,
			);
			runOnlyForDeploymentPostprocessing = 0;
		};
/* End PBXResourcesBuildPhase section */

/* Begin PBXSourcesBuildPhase section */
		4A187EED172B0FD700D10D07 /* Sources */ = {
			isa = PBXSourcesBuildPhase;
			buildActionMask = 2147483647;
			files = (
				4A187F01172B0FD700D10D07 /* main.m in Sources */,
				4A187F05172B0FD700D10D07 /* AppDelegate.m in Sources */,
				4A187F11172B0FD700D10D07 /* ViewController.m in Sources */,
				4AD0EC79172B9B1000C89D22 /* DetailTaskController.m in Sources */,
				4AD0EC7C172B9DB200C89D22 /* LoginController.m in Sources */,
				4AD0EC7F172BA11C00C89D22 /* SiteController.m in Sources */,
				4A90989C174876950051C070 /* tableController.m in Sources */,
				4A054642174F117E00CD3B28 /* uploadController.m in Sources */,
				C2790F701754484C00628669 /* NetworkManager.m in Sources */,
			);
			runOnlyForDeploymentPostprocessing = 0;
		};
/* End PBXSourcesBuildPhase section */

/* Begin PBXVariantGroup section */
		4A187EFD172B0FD700D10D07 /* InfoPlist.strings */ = {
			isa = PBXVariantGroup;
			children = (
				4A187EFE172B0FD700D10D07 /* en */,
			);
			name = InfoPlist.strings;
			sourceTree = "<group>";
		};
		4A187F0C172B0FD700D10D07 /* MainStoryboard.storyboard */ = {
			isa = PBXVariantGroup;
			children = (
				4A187F0D172B0FD700D10D07 /* en */,
			);
			name = MainStoryboard.storyboard;
			sourceTree = "<group>";
		};
/* End PBXVariantGroup section */

/* Begin XCBuildConfiguration section */
		4A187F12172B0FD700D10D07 /* Debug */ = {
			isa = XCBuildConfiguration;
			buildSettings = {
				ALWAYS_SEARCH_USER_PATHS = NO;
				CLANG_CXX_LANGUAGE_STANDARD = "gnu++0x";
				CLANG_CXX_LIBRARY = "libc++";
				CLANG_WARN_CONSTANT_CONVERSION = YES;
				CLANG_WARN_EMPTY_BODY = YES;
				CLANG_WARN_ENUM_CONVERSION = YES;
				CLANG_WARN_INT_CONVERSION = YES;
				CLANG_WARN__DUPLICATE_METHOD_MATCH = YES;
				"CODE_SIGN_IDENTITY[sdk=iphoneos*]" = "iPhone Developer";
				COPY_PHASE_STRIP = NO;
				GCC_C_LANGUAGE_STANDARD = gnu99;
				GCC_DYNAMIC_NO_PIC = NO;
				GCC_OPTIMIZATION_LEVEL = 0;
				GCC_PREPROCESSOR_DEFINITIONS = (
					"DEBUG=1",
					"$(inherited)",
				);
				GCC_SYMBOLS_PRIVATE_EXTERN = NO;
				GCC_WARN_ABOUT_RETURN_TYPE = YES;
				GCC_WARN_UNINITIALIZED_AUTOS = YES;
				GCC_WARN_UNUSED_VARIABLE = YES;
				IPHONEOS_DEPLOYMENT_TARGET = 6.1;
				ONLY_ACTIVE_ARCH = YES;
				SDKROOT = iphoneos;
				TARGETED_DEVICE_FAMILY = 2;
			};
			name = Debug;
		};
		4A187F13172B0FD700D10D07 /* Release */ = {
			isa = XCBuildConfiguration;
			buildSettings = {
				ALWAYS_SEARCH_USER_PATHS = NO;
				CLANG_CXX_LANGUAGE_STANDARD = "gnu++0x";
				CLANG_CXX_LIBRARY = "libc++";
				CLANG_WARN_CONSTANT_CONVERSION = YES;
				CLANG_WARN_EMPTY_BODY = YES;
				CLANG_WARN_ENUM_CONVERSION = YES;
				CLANG_WARN_INT_CONVERSION = YES;
				CLANG_WARN__DUPLICATE_METHOD_MATCH = YES;
				"CODE_SIGN_IDENTITY[sdk=iphoneos*]" = "iPhone Developer";
				COPY_PHASE_STRIP = YES;
				GCC_C_LANGUAGE_STANDARD = gnu99;
				GCC_WARN_ABOUT_RETURN_TYPE = YES;
				GCC_WARN_UNINITIALIZED_AUTOS = YES;
				GCC_WARN_UNUSED_VARIABLE = YES;
				IPHONEOS_DEPLOYMENT_TARGET = 6.1;
				OTHER_CFLAGS = "-DNS_BLOCK_ASSERTIONS=1";
				SDKROOT = iphoneos;
				TARGETED_DEVICE_FAMILY = 2;
				VALIDATE_PRODUCT = YES;
			};
			name = Release;
		};
		4A187F15172B0FD700D10D07 /* Debug */ = {
			isa = XCBuildConfiguration;
			buildSettings = {
				FRAMEWORK_SEARCH_PATHS = (
					"$(inherited)",
					"\"$(SRCROOT)/../../Downloads/QueueFTP-master\"",
				);
				GCC_PRECOMPILE_PREFIX_HEADER = YES;
				GCC_PREFIX_HEADER = "test7/T&M Collector-Prefix.pch";
				INFOPLIST_FILE = "test7/T&M Collector-Info.plist";
				PRODUCT_NAME = "T&M Collector";
				WRAPPER_EXTENSION = app;
			};
			name = Debug;
		};
		4A187F16172B0FD700D10D07 /* Release */ = {
			isa = XCBuildConfiguration;
			buildSettings = {
				FRAMEWORK_SEARCH_PATHS = (
					"$(inherited)",
					"\"$(SRCROOT)/../../Downloads/QueueFTP-master\"",
				);
				GCC_PRECOMPILE_PREFIX_HEADER = YES;
				GCC_PREFIX_HEADER = "test7/T&M Collector-Prefix.pch";
				INFOPLIST_FILE = "test7/T&M Collector-Info.plist";
				PRODUCT_NAME = "T&M Collector";
				WRAPPER_EXTENSION = app;
			};
			name = Release;
		};
		4A71649E1756B90400776E2F /* Ad-Hoc */ = {
			isa = XCBuildConfiguration;
			buildSettings = {
				ALWAYS_SEARCH_USER_PATHS = NO;
				CLANG_CXX_LANGUAGE_STANDARD = "gnu++0x";
				CLANG_CXX_LIBRARY = "libc++";
				CLANG_WARN_CONSTANT_CONVERSION = YES;
				CLANG_WARN_EMPTY_BODY = YES;
				CLANG_WARN_ENUM_CONVERSION = YES;
				CLANG_WARN_INT_CONVERSION = YES;
				CLANG_WARN__DUPLICATE_METHOD_MATCH = YES;
				"CODE_SIGN_IDENTITY[sdk=iphoneos*]" = "iPhone Developer";
				COPY_PHASE_STRIP = YES;
				GCC_C_LANGUAGE_STANDARD = gnu99;
				GCC_WARN_ABOUT_RETURN_TYPE = YES;
				GCC_WARN_UNINITIALIZED_AUTOS = YES;
				GCC_WARN_UNUSED_VARIABLE = YES;
				IPHONEOS_DEPLOYMENT_TARGET = 6.1;
				OTHER_CFLAGS = "-DNS_BLOCK_ASSERTIONS=1";
				SDKROOT = iphoneos;
				TARGETED_DEVICE_FAMILY = 2;
				VALIDATE_PRODUCT = YES;
			};
			name = "Ad-Hoc";
		};
		4A71649F1756B90400776E2F /* Ad-Hoc */ = {
			isa = XCBuildConfiguration;
			buildSettings = {
				FRAMEWORK_SEARCH_PATHS = (
					"$(inherited)",
					"\"$(SRCROOT)/../../Downloads/QueueFTP-master\"",
				);
				GCC_PRECOMPILE_PREFIX_HEADER = YES;
				GCC_PREFIX_HEADER = "test7/T&M Collector-Prefix.pch";
				INFOPLIST_FILE = "test7/T&M Collector-Info.plist";
				PRODUCT_NAME = "T&M Collector";
				WRAPPER_EXTENSION = app;
			};
			name = "Ad-Hoc";
		};
/* End XCBuildConfiguration section */

/* Begin XCConfigurationList section */
		4A187EEC172B0FD700D10D07 /* Build configuration list for PBXProject "T&M Collector" */ = {
			isa = XCConfigurationList;
			buildConfigurations = (
				4A187F12172B0FD700D10D07 /* Debug */,
				4A187F13172B0FD700D10D07 /* Release */,
				4A71649E1756B90400776E2F /* Ad-Hoc */,
			);
			defaultConfigurationIsVisible = 0;
			defaultConfigurationName = Release;
		};
		4A187F14172B0FD700D10D07 /* Build configuration list for PBXNativeTarget "T&M Collector" */ = {
			isa = XCConfigurationList;
			buildConfigurations = (
				4A187F15172B0FD700D10D07 /* Debug */,
				4A187F16172B0FD700D10D07 /* Release */,
				4A71649F1756B90400776E2F /* Ad-Hoc */,
			);
			defaultConfigurationIsVisible = 0;
			defaultConfigurationName = Release;
		};
/* End XCConfigurationList section */
	};
	rootObject = 4A187EE9172B0FD700D10D07 /* Project object */;
}
